{
  "name": "denvy",
  "version": "0.0.1-alpha.1",
  "lockfileVersion": 3,
  "requires": true,
  "packages": {
    "": {
      "name": "denvy",
      "version": "0.0.1-alpha.1",
      "dependencies": {
        "@types/figlet": "^1.5.8",
        "chalk": "^5.3.0",
        "commander": "^12.1.0",
        "figlet": "^1.7.0"
      },
      "bin": {
        "denvy": "dist/main.js"
      },
      "devDependencies": {
        "@types/node": "^20.14.11"
      },
      "peerDependencies": {
        "typescript": "^5.0.0"
      }
    },
    "node_modules/@types/figlet": {
      "version": "1.5.8",
      "resolved": "https://registry.npmjs.org/@types/figlet/-/figlet-1.5.8.tgz",
      "integrity": "sha512-G22AUvy4Tl95XLE7jmUM8s8mKcoz+Hr+Xm9W90gJsppJq9f9tHvOGkrpn4gRX0q/cLtBdNkWtWCKDg2UDZoZvQ=="
    },
    "node_modules/@types/node": {
      "version": "20.14.11",
      "resolved": "https://registry.npmjs.org/@types/node/-/node-20.14.11.tgz",
      "integrity": "sha512-kprQpL8MMeszbz6ojB5/tU8PLN4kesnN8Gjzw349rDlNgsSzg90lAVj3llK99Dh7JON+t9AuscPPFW6mPbTnSA==",
      "dev": true,
      "dependencies": {
        "undici-types": "~5.26.4"
      }
    },
    "node_modules/chalk": {
      "version": "5.3.0",
      "license": "MIT",
      "engines": {
        "node": "^12.17.0 || ^14.13 || >=16.0.0"
      },
      "funding": {
        "url": "https://github.com/chalk/chalk?sponsor=1"
      }
    },
    "node_modules/commander": {
      "version": "12.1.0",
      "license": "MIT",
      "engines": {
        "node": ">=18"
      }
    },
    "node_modules/figlet": {
      "version": "1.7.0",
      "license": "MIT",
      "bin": {
        "figlet": "bin/index.js"
      },
      "engines": {
        "node": ">= 0.4.0"
      }
    },
    "node_modules/typescript": {
      "version": "5.5.3",
      "license": "Apache-2.0",
      "peer": true,
      "bin": {
        "tsc": "bin/tsc",
        "tsserver": "bin/tsserver"
      },
      "engines": {
        "node": ">=14.17"
      }
    },
    "node_modules/undici-types": {
      "version": "5.26.5",
      "resolved": "https://registry.npmjs.org/undici-types/-/undici-types-5.26.5.tgz",
      "integrity": "sha512-JlCMO+ehdEIKqlFxk6IfVoAUVmgz7cU7zD/h9XZ0qzeosSHmUJVOzSQvvYSYWXkFXC+IfLKSIffhv0sVZup6pA==",
      "dev": true
    }
  }
}
